
Microsoft Visual Studio Solution File, Format Version 12.00
# Visual Studio Version 17
VisualStudioVersion = 17.3.32804.467
MinimumVisualStudioVersion = 10.0.40219.1
Project("{FAE04EC0-301F-11D3-BF4B-00C04F79EFBC}") = "GameCampaign", "Game\GameCampaign.csproj", "{671A2AD2-F90C-4B30-ACF3-618A43E79131}"
EndProject
Global
	GlobalSection(SolutionConfigurationPlatforms) = preSolution
		Debug|Any CPU = Debug|Any CPU
		Release|Any CPU = Release|Any CPU
	EndGlobalSection
	GlobalSection(ProjectConfigurationPlatforms) = postSolution
		{671A2AD2-F90C-4B30-ACF3-618A43E79131}.Debug|Any CPU.ActiveCfg = Debug|Any CPU
		{671A2AD2-F90C-4B30-ACF3-618A43E79131}.Debug|Any CPU.Build.0 = Debug|Any CPU
		{671A2AD2-F90C-4B30-ACF3-618A43E79131}.Release|Any CPU.ActiveCfg = Release|Any CPU
		{671A2AD2-F90C-4B30-ACF3-618A43E79131}.Release|Any CPU.Build.0 = Release|Any CPU
	EndGlobalSection
	GlobalSection(SolutionProperties) = preSolution
		HideSolutionNode = FALSE
	EndGlobalSection
	GlobalSection(ExtensibilityGlobals) = postSolution
		SolutionGuid = {B5D0F228-0AF7-4DDF-86C9-8D5060048A85}
	EndGlobalSection
EndGlobal
